
Microsoft Visual Studio Solution File, Format Version 12.00
# Visual Studio 15
VisualStudioVersion = 15.0.27130.2010
MinimumVisualStudioVersion = 10.0.40219.1
Project("{9A19103F-16F7-4668-BE54-9A1E7A4F7556}") = "CardWars", "CardWars\CardWars.csproj", "{9E5EBD4D-8B97-4399-9096-1600D898D3FF}"
EndProject
Project("{FAE04EC0-301F-11D3-BF4B-00C04F79EFBC}") = "XUnitTestProject1", "XUnitTestProject1\XUnitTestProject1.csproj", "{BECFC18E-6ED4-427C-BD27-C59863D169F4}"
EndProject
Global
	GlobalSection(SolutionConfigurationPlatforms) = preSolution
		Debug|Any CPU = Debug|Any CPU
		Release|Any CPU = Release|Any CPU
	EndGlobalSection
	GlobalSection(ProjectConfigurationPlatforms) = postSolution
		{9E5EBD4D-8B97-4399-9096-1600D898D3FF}.Debug|Any CPU.ActiveCfg = Debug|Any CPU
		{9E5EBD4D-8B97-4399-9096-1600D898D3FF}.Debug|Any CPU.Build.0 = Debug|Any CPU
		{9E5EBD4D-8B97-4399-9096-1600D898D3FF}.Release|Any CPU.ActiveCfg = Release|Any CPU
		{9E5EBD4D-8B97-4399-9096-1600D898D3FF}.Release|Any CPU.Build.0 = Release|Any CPU
		{BECFC18E-6ED4-427C-BD27-C59863D169F4}.Debug|Any CPU.ActiveCfg = Debug|Any CPU
		{BECFC18E-6ED4-427C-BD27-C59863D169F4}.Debug|Any CPU.Build.0 = Debug|Any CPU
		{BECFC18E-6ED4-427C-BD27-C59863D169F4}.Release|Any CPU.ActiveCfg = Release|Any CPU
		{BECFC18E-6ED4-427C-BD27-C59863D169F4}.Release|Any CPU.Build.0 = Release|Any CPU
	EndGlobalSection
	GlobalSection(SolutionProperties) = preSolution
		HideSolutionNode = FALSE
	EndGlobalSection
	GlobalSection(ExtensibilityGlobals) = postSolution
		SolutionGuid = {C63EBC3A-191B-4818-A096-F15AF5C8CF6D}
	EndGlobalSection
EndGlobal
